
Microsoft Visual Studio Solution File, Format Version 12.00
# Visual Studio Version 17
VisualStudioVersion = 17.14.36221.1
MinimumVisualStudioVersion = 10.0.40219.1
Project("{FAE04EC0-301F-11D3-BF4B-00C04F79EFBC}") = "App.Application", "App.Application\App.Application.csproj", "{3DBED2CB-DA0A-4B61-B801-08C6E19A7B18}"
EndProject
Project("{FAE04EC0-301F-11D3-BF4B-00C04F79EFBC}") = "App.Domain", "App.Domain\App.Domain.csproj", "{78BF2F41-6BDF-4B6D-BED2-1913CE296D34}"
EndProject
Project("{FAE04EC0-301F-11D3-BF4B-00C04F79EFBC}") = "App.Infrastructure", "App.Infrastructure\App.Infrastructure.csproj", "{D6731196-B7C3-4126-98BD-0168593107FD}"
EndProject
Project("{FAE04EC0-301F-11D3-BF4B-00C04F79EFBC}") = "App.Api", "App.Api\App.Api.csproj", "{CCB5F4A9-8E0C-4F34-9BE6-365B58A9218C}"
EndProject
Project("{FAE04EC0-301F-11D3-BF4B-00C04F79EFBC}") = "App.Application.Tests", "App.Application.Tests\App.Application.Tests.csproj", "{85C3703C-30F9-4C8F-8F72-69654F710E08}"
EndProject
Project("{2150E333-8FDC-42A3-9474-1A3956D46DE8}") = "Backend", "Backend", "{02EA681E-C7D8-13C7-8484-4AC65E1B71E8}"
EndProject
Project("{2150E333-8FDC-42A3-9474-1A3956D46DE8}") = "Frontend", "Frontend", "{6E769F02-3F6F-40C4-A34D-7D6BD9CB8085}"
EndProject
Project("{2150E333-8FDC-42A3-9474-1A3956D46DE8}") = "Teasts", "Teasts", "{61BFADD8-2F01-428E-87D1-438BC4A99094}"
EndProject
Project("{2150E333-8FDC-42A3-9474-1A3956D46DE8}") = "Backend", "Backend", "{84FF1D67-40B9-47EF-BF79-60680A9D5713}"
EndProject
Project("{2150E333-8FDC-42A3-9474-1A3956D46DE8}") = "Frontend", "Frontend", "{F234EEFE-8D6A-4330-8E79-D6C566AC437C}"
EndProject
Project("{FAE04EC0-301F-11D3-BF4B-00C04F79EFBC}") = "Todo.Frontend", "Todo.Frontend\Todo.Frontend.csproj", "{0A5FAD9A-6AC5-F230-19CF-E8A3369562AD}"
EndProject
Global
	GlobalSection(SolutionConfigurationPlatforms) = preSolution
		Debug|Any CPU = Debug|Any CPU
		Release|Any CPU = Release|Any CPU
	EndGlobalSection
	GlobalSection(ProjectConfigurationPlatforms) = postSolution
		{3DBED2CB-DA0A-4B61-B801-08C6E19A7B18}.Debug|Any CPU.ActiveCfg = Debug|Any CPU
		{3DBED2CB-DA0A-4B61-B801-08C6E19A7B18}.Debug|Any CPU.Build.0 = Debug|Any CPU
		{3DBED2CB-DA0A-4B61-B801-08C6E19A7B18}.Release|Any CPU.ActiveCfg = Release|Any CPU
		{3DBED2CB-DA0A-4B61-B801-08C6E19A7B18}.Release|Any CPU.Build.0 = Release|Any CPU
		{78BF2F41-6BDF-4B6D-BED2-1913CE296D34}.Debug|Any CPU.ActiveCfg = Debug|Any CPU
		{78BF2F41-6BDF-4B6D-BED2-1913CE296D34}.Debug|Any CPU.Build.0 = Debug|Any CPU
		{78BF2F41-6BDF-4B6D-BED2-1913CE296D34}.Release|Any CPU.ActiveCfg = Release|Any CPU
		{78BF2F41-6BDF-4B6D-BED2-1913CE296D34}.Release|Any CPU.Build.0 = Release|Any CPU
		{D6731196-B7C3-4126-98BD-0168593107FD}.Debug|Any CPU.ActiveCfg = Debug|Any CPU
		{D6731196-B7C3-4126-98BD-0168593107FD}.Debug|Any CPU.Build.0 = Debug|Any CPU
		{D6731196-B7C3-4126-98BD-0168593107FD}.Release|Any CPU.ActiveCfg = Release|Any CPU
		{D6731196-B7C3-4126-98BD-0168593107FD}.Release|Any CPU.Build.0 = Release|Any CPU
		{CCB5F4A9-8E0C-4F34-9BE6-365B58A9218C}.Debug|Any CPU.ActiveCfg = Debug|Any CPU
		{CCB5F4A9-8E0C-4F34-9BE6-365B58A9218C}.Debug|Any CPU.Build.0 = Debug|Any CPU
		{CCB5F4A9-8E0C-4F34-9BE6-365B58A9218C}.Release|Any CPU.ActiveCfg = Release|Any CPU
		{CCB5F4A9-8E0C-4F34-9BE6-365B58A9218C}.Release|Any CPU.Build.0 = Release|Any CPU
		{85C3703C-30F9-4C8F-8F72-69654F710E08}.Debug|Any CPU.ActiveCfg = Debug|Any CPU
		{85C3703C-30F9-4C8F-8F72-69654F710E08}.Debug|Any CPU.Build.0 = Debug|Any CPU
		{85C3703C-30F9-4C8F-8F72-69654F710E08}.Release|Any CPU.ActiveCfg = Release|Any CPU
		{85C3703C-30F9-4C8F-8F72-69654F710E08}.Release|Any CPU.Build.0 = Release|Any CPU
		{0A5FAD9A-6AC5-F230-19CF-E8A3369562AD}.Debug|Any CPU.ActiveCfg = Debug|Any CPU
		{0A5FAD9A-6AC5-F230-19CF-E8A3369562AD}.Debug|Any CPU.Build.0 = Debug|Any CPU
		{0A5FAD9A-6AC5-F230-19CF-E8A3369562AD}.Release|Any CPU.ActiveCfg = Release|Any CPU
		{0A5FAD9A-6AC5-F230-19CF-E8A3369562AD}.Release|Any CPU.Build.0 = Release|Any CPU
	EndGlobalSection
	GlobalSection(SolutionProperties) = preSolution
		HideSolutionNode = FALSE
	EndGlobalSection
	GlobalSection(NestedProjects) = preSolution
		{3DBED2CB-DA0A-4B61-B801-08C6E19A7B18} = {02EA681E-C7D8-13C7-8484-4AC65E1B71E8}
		{78BF2F41-6BDF-4B6D-BED2-1913CE296D34} = {02EA681E-C7D8-13C7-8484-4AC65E1B71E8}
		{D6731196-B7C3-4126-98BD-0168593107FD} = {02EA681E-C7D8-13C7-8484-4AC65E1B71E8}
		{CCB5F4A9-8E0C-4F34-9BE6-365B58A9218C} = {02EA681E-C7D8-13C7-8484-4AC65E1B71E8}
		{85C3703C-30F9-4C8F-8F72-69654F710E08} = {84FF1D67-40B9-47EF-BF79-60680A9D5713}
		{84FF1D67-40B9-47EF-BF79-60680A9D5713} = {61BFADD8-2F01-428E-87D1-438BC4A99094}
		{F234EEFE-8D6A-4330-8E79-D6C566AC437C} = {61BFADD8-2F01-428E-87D1-438BC4A99094}
		{0A5FAD9A-6AC5-F230-19CF-E8A3369562AD} = {6E769F02-3F6F-40C4-A34D-7D6BD9CB8085}
	EndGlobalSection
	GlobalSection(ExtensibilityGlobals) = postSolution
		SolutionGuid = {6BF86F0C-73F6-45C6-8EFC-37F54904FA13}
	EndGlobalSection
EndGlobal
